
Microsoft Visual Studio Solution File, Format Version 12.00
# Visual Studio 2013
VisualStudioVersion = 12.0.30723.0
MinimumVisualStudioVersion = 10.0.40219.1
Project("{FAE04EC0-301F-11D3-BF4B-00C04F79EFBC}") = "WebInfo", "WebInfo\WebInfo.csproj", "{A288B432-A6D0-4634-B1BE-9B36C957FE0A}"
EndProject
Project("{FAE04EC0-301F-11D3-BF4B-00C04F79EFBC}") = "WebInfo.Tests", "WebInfo.Tests\WebInfo.Tests.csproj", "{224BE232-4999-4960-AC43-187AD287A377}"
EndProject
Project("{2150E333-8FDC-42A3-9474-1A3956D46DE8}") = "PublishScripts", "PublishScripts", "{5AF2B0CA-7F66-401C-AC65-B62122E8013D}"
	ProjectSection(SolutionItems) = preProject
		PublishScripts\AzureWebsitePublishModule.psm1 = PublishScripts\AzureWebsitePublishModule.psm1
		PublishScripts\Publish-WebApplicationWebsite.ps1 = PublishScripts\Publish-WebApplicationWebsite.ps1
	EndProjectSection
EndProject
Project("{2150E333-8FDC-42A3-9474-1A3956D46DE8}") = "Configurations", "Configurations", "{C13C167A-F511-49B9-9EF1-F0806CD5EC98}"
	ProjectSection(SolutionItems) = preProject
		PublishScripts\Configurations\WebInfo-WAWS-dev.json = PublishScripts\Configurations\WebInfo-WAWS-dev.json
	EndProjectSection
EndProject
Global
	GlobalSection(SolutionConfigurationPlatforms) = preSolution
		Debug|Any CPU = Debug|Any CPU
		Release|Any CPU = Release|Any CPU
	EndGlobalSection
	GlobalSection(ProjectConfigurationPlatforms) = postSolution
		{A288B432-A6D0-4634-B1BE-9B36C957FE0A}.Debug|Any CPU.ActiveCfg = Debug|Any CPU
		{A288B432-A6D0-4634-B1BE-9B36C957FE0A}.Debug|Any CPU.Build.0 = Debug|Any CPU
		{A288B432-A6D0-4634-B1BE-9B36C957FE0A}.Release|Any CPU.ActiveCfg = Release|Any CPU
		{A288B432-A6D0-4634-B1BE-9B36C957FE0A}.Release|Any CPU.Build.0 = Release|Any CPU
		{224BE232-4999-4960-AC43-187AD287A377}.Debug|Any CPU.ActiveCfg = Debug|Any CPU
		{224BE232-4999-4960-AC43-187AD287A377}.Debug|Any CPU.Build.0 = Debug|Any CPU
		{224BE232-4999-4960-AC43-187AD287A377}.Release|Any CPU.ActiveCfg = Release|Any CPU
		{224BE232-4999-4960-AC43-187AD287A377}.Release|Any CPU.Build.0 = Release|Any CPU
	EndGlobalSection
	GlobalSection(SolutionProperties) = preSolution
		HideSolutionNode = FALSE
	EndGlobalSection
	GlobalSection(NestedProjects) = preSolution
		{C13C167A-F511-49B9-9EF1-F0806CD5EC98} = {5AF2B0CA-7F66-401C-AC65-B62122E8013D}
	EndGlobalSection
EndGlobal
